
Microsoft Visual Studio Solution File, Format Version 12.00
# Visual Studio Version 17
VisualStudioVersion = 17.9.34723.18
MinimumVisualStudioVersion = 10.0.40219.1
Project("{FAE04EC0-301F-11D3-BF4B-00C04F79EFBC}") = "c-sharp-array-methods", "c-sharp-array-methods\c-sharp-array-methods.csproj", "{C0136F04-1567-4811-AE44-19A0F9D79BCC}"
EndProject
Global
	GlobalSection(SolutionConfigurationPlatforms) = preSolution
		Debug|Any CPU = Debug|Any CPU
		Release|Any CPU = Release|Any CPU
	EndGlobalSection
	GlobalSection(ProjectConfigurationPlatforms) = postSolution
		{C0136F04-1567-4811-AE44-19A0F9D79BCC}.Debug|Any CPU.ActiveCfg = Debug|Any CPU
		{C0136F04-1567-4811-AE44-19A0F9D79BCC}.Debug|Any CPU.Build.0 = Debug|Any CPU
		{C0136F04-1567-4811-AE44-19A0F9D79BCC}.Release|Any CPU.ActiveCfg = Release|Any CPU
		{C0136F04-1567-4811-AE44-19A0F9D79BCC}.Release|Any CPU.Build.0 = Release|Any CPU
	EndGlobalSection
	GlobalSection(SolutionProperties) = preSolution
		HideSolutionNode = FALSE
	EndGlobalSection
	GlobalSection(ExtensibilityGlobals) = postSolution
		SolutionGuid = {B1C02A29-6EA2-4B81-AC72-2ADE9061AF12}
	EndGlobalSection
EndGlobal
